
Microsoft Visual Studio Solution File, Format Version 12.00
# Visual Studio Version 17
VisualStudioVersion = 17.11.35327.3
MinimumVisualStudioVersion = 10.0.40219.1
Project("{FAE04EC0-301F-11D3-BF4B-00C04F79EFBC}") = "L01P022022AC601", "L01P022022AC601\L01P022022AC601.csproj", "{30A6E18D-478A-4D1B-8687-85B7B51FCDA9}"
EndProject
Global
	GlobalSection(SolutionConfigurationPlatforms) = preSolution
		Debug|Any CPU = Debug|Any CPU
		Release|Any CPU = Release|Any CPU
	EndGlobalSection
	GlobalSection(ProjectConfigurationPlatforms) = postSolution
		{30A6E18D-478A-4D1B-8687-85B7B51FCDA9}.Debug|Any CPU.ActiveCfg = Debug|Any CPU
		{30A6E18D-478A-4D1B-8687-85B7B51FCDA9}.Debug|Any CPU.Build.0 = Debug|Any CPU
		{30A6E18D-478A-4D1B-8687-85B7B51FCDA9}.Release|Any CPU.ActiveCfg = Release|Any CPU
		{30A6E18D-478A-4D1B-8687-85B7B51FCDA9}.Release|Any CPU.Build.0 = Release|Any CPU
	EndGlobalSection
	GlobalSection(SolutionProperties) = preSolution
		HideSolutionNode = FALSE
	EndGlobalSection
	GlobalSection(ExtensibilityGlobals) = postSolution
		SolutionGuid = {C7999451-A7EA-44B1-BCBF-0EE1E02ABCF3}
	EndGlobalSection
EndGlobal
